
Microsoft Visual Studio Solution File, Format Version 12.00
# Visual Studio 15
VisualStudioVersion = 15.0.28307.489
MinimumVisualStudioVersion = 10.0.40219.1
Project("{8BC9CEB8-8B4A-11D0-8D11-00A0C91BC942}") = "oclVolumeRender", "oclVolumeRender\oclVolumeRender.vcxproj", "{2BFE8D78-A32A-43CC-A300-435F41500147}"
EndProject
Project("{8BC9CEB8-8B4A-11D0-8D11-00A0C91BC942}") = "week6", "week6\week6.vcxproj", "{DC045641-F3A1-45CE-8927-8E9E43672075}"
EndProject
Global
	GlobalSection(SolutionConfigurationPlatforms) = preSolution
		Debug|x64 = Debug|x64
		Debug|x86 = Debug|x86
		Release|x64 = Release|x64
		Release|x86 = Release|x86
	EndGlobalSection
	GlobalSection(ProjectConfigurationPlatforms) = postSolution
		{2BFE8D78-A32A-43CC-A300-435F41500147}.Debug|x64.ActiveCfg = Debug|x64
		{2BFE8D78-A32A-43CC-A300-435F41500147}.Debug|x64.Build.0 = Debug|x64
		{2BFE8D78-A32A-43CC-A300-435F41500147}.Debug|x86.ActiveCfg = Debug|Win32
		{2BFE8D78-A32A-43CC-A300-435F41500147}.Debug|x86.Build.0 = Debug|Win32
		{2BFE8D78-A32A-43CC-A300-435F41500147}.Release|x64.ActiveCfg = Release|x64
		{2BFE8D78-A32A-43CC-A300-435F41500147}.Release|x64.Build.0 = Release|x64
		{2BFE8D78-A32A-43CC-A300-435F41500147}.Release|x86.ActiveCfg = Release|Win32
		{2BFE8D78-A32A-43CC-A300-435F41500147}.Release|x86.Build.0 = Release|Win32
		{DC045641-F3A1-45CE-8927-8E9E43672075}.Debug|x64.ActiveCfg = Debug|x64
		{DC045641-F3A1-45CE-8927-8E9E43672075}.Debug|x64.Build.0 = Debug|x64
		{DC045641-F3A1-45CE-8927-8E9E43672075}.Debug|x86.ActiveCfg = Debug|Win32
		{DC045641-F3A1-45CE-8927-8E9E43672075}.Debug|x86.Build.0 = Debug|Win32
		{DC045641-F3A1-45CE-8927-8E9E43672075}.Release|x64.ActiveCfg = Release|x64
		{DC045641-F3A1-45CE-8927-8E9E43672075}.Release|x64.Build.0 = Release|x64
		{DC045641-F3A1-45CE-8927-8E9E43672075}.Release|x86.ActiveCfg = Release|Win32
		{DC045641-F3A1-45CE-8927-8E9E43672075}.Release|x86.Build.0 = Release|Win32
	EndGlobalSection
	GlobalSection(SolutionProperties) = preSolution
		HideSolutionNode = FALSE
	EndGlobalSection
	GlobalSection(ExtensibilityGlobals) = postSolution
		SolutionGuid = {7BA0D90D-3789-466F-AD95-D062A55488E1}
	EndGlobalSection
EndGlobal
